
Microsoft Visual Studio Solution File, Format Version 12.00
# Visual Studio 2013
VisualStudioVersion = 12.0.21005.1
MinimumVisualStudioVersion = 10.0.40219.1
Project("{2150E333-8FDC-42A3-9474-1A3956D46DE8}") = "1.Apresentação", "1.Apresentação", "{BFE69CFA-C324-4CFA-BB13-9A6894E66CCF}"
EndProject
Project("{2150E333-8FDC-42A3-9474-1A3956D46DE8}") = "2.Aplicação", "2.Aplicação", "{C0008514-1BDD-4F31-B04D-44668FD3BD1D}"
EndProject
Project("{2150E333-8FDC-42A3-9474-1A3956D46DE8}") = "3.Dominio", "3.Dominio", "{932FCB08-2E8B-43F1-81B4-996E5E0F2DEC}"
EndProject
Project("{2150E333-8FDC-42A3-9474-1A3956D46DE8}") = "4.Infraestrutura", "4.Infraestrutura", "{9AEFF5BA-3751-4E9C-9D2F-0B1283E1B6B5}"
EndProject
Project("{2150E333-8FDC-42A3-9474-1A3956D46DE8}") = "5.Testes", "5.Testes", "{24D07EED-EB73-4E2B-8866-5A344269B2D5}"
EndProject
Project("{FAE04EC0-301F-11D3-BF4B-00C04F79EFBC}") = "MusicStore.Test", "MusicStore.Tests\MusicStore.Test.csproj", "{2104614F-7507-42BF-B1A1-4F7B2ADB6138}"
EndProject
Project("{FAE04EC0-301F-11D3-BF4B-00C04F79EFBC}") = "MusicStore.Application", "MusicStore.Application\MusicStore.Application.csproj", "{C2F45158-ED93-4748-AF95-4334215E9356}"
EndProject
Project("{FAE04EC0-301F-11D3-BF4B-00C04F79EFBC}") = "MusicStore.Domain", "Domain\MusicStore.Domain.csproj", "{188FD5F5-CFF6-48B0-BBDA-8483D86D2A3C}"
EndProject
Project("{FAE04EC0-301F-11D3-BF4B-00C04F79EFBC}") = "MusicStore.Infra", "MusicStore.Infra\MusicStore.Infra.csproj", "{35CCDB55-F034-4DF4-98EF-A3F063A38858}"
EndProject
Project("{FAE04EC0-301F-11D3-BF4B-00C04F79EFBC}") = "MusicStore.Infra.Data", "MusicStore.Infra.Data\MusicStore.Infra.Data.csproj", "{2DACC88C-77E9-4A95-B270-F6840387D9A8}"
EndProject
Global
	GlobalSection(SolutionConfigurationPlatforms) = preSolution
		Debug|Any CPU = Debug|Any CPU
		Release|Any CPU = Release|Any CPU
	EndGlobalSection
	GlobalSection(ProjectConfigurationPlatforms) = postSolution
		{2104614F-7507-42BF-B1A1-4F7B2ADB6138}.Debug|Any CPU.ActiveCfg = Debug|Any CPU
		{2104614F-7507-42BF-B1A1-4F7B2ADB6138}.Debug|Any CPU.Build.0 = Debug|Any CPU
		{2104614F-7507-42BF-B1A1-4F7B2ADB6138}.Release|Any CPU.ActiveCfg = Release|Any CPU
		{2104614F-7507-42BF-B1A1-4F7B2ADB6138}.Release|Any CPU.Build.0 = Release|Any CPU
		{C2F45158-ED93-4748-AF95-4334215E9356}.Debug|Any CPU.ActiveCfg = Debug|Any CPU
		{C2F45158-ED93-4748-AF95-4334215E9356}.Debug|Any CPU.Build.0 = Debug|Any CPU
		{C2F45158-ED93-4748-AF95-4334215E9356}.Release|Any CPU.ActiveCfg = Release|Any CPU
		{C2F45158-ED93-4748-AF95-4334215E9356}.Release|Any CPU.Build.0 = Release|Any CPU
		{188FD5F5-CFF6-48B0-BBDA-8483D86D2A3C}.Debug|Any CPU.ActiveCfg = Debug|Any CPU
		{188FD5F5-CFF6-48B0-BBDA-8483D86D2A3C}.Debug|Any CPU.Build.0 = Debug|Any CPU
		{188FD5F5-CFF6-48B0-BBDA-8483D86D2A3C}.Release|Any CPU.ActiveCfg = Release|Any CPU
		{188FD5F5-CFF6-48B0-BBDA-8483D86D2A3C}.Release|Any CPU.Build.0 = Release|Any CPU
		{35CCDB55-F034-4DF4-98EF-A3F063A38858}.Debug|Any CPU.ActiveCfg = Debug|Any CPU
		{35CCDB55-F034-4DF4-98EF-A3F063A38858}.Debug|Any CPU.Build.0 = Debug|Any CPU
		{35CCDB55-F034-4DF4-98EF-A3F063A38858}.Release|Any CPU.ActiveCfg = Release|Any CPU
		{35CCDB55-F034-4DF4-98EF-A3F063A38858}.Release|Any CPU.Build.0 = Release|Any CPU
		{2DACC88C-77E9-4A95-B270-F6840387D9A8}.Debug|Any CPU.ActiveCfg = Debug|Any CPU
		{2DACC88C-77E9-4A95-B270-F6840387D9A8}.Debug|Any CPU.Build.0 = Debug|Any CPU
		{2DACC88C-77E9-4A95-B270-F6840387D9A8}.Release|Any CPU.ActiveCfg = Release|Any CPU
		{2DACC88C-77E9-4A95-B270-F6840387D9A8}.Release|Any CPU.Build.0 = Release|Any CPU
	EndGlobalSection
	GlobalSection(SolutionProperties) = preSolution
		HideSolutionNode = FALSE
	EndGlobalSection
	GlobalSection(NestedProjects) = preSolution
		{C2F45158-ED93-4748-AF95-4334215E9356} = {C0008514-1BDD-4F31-B04D-44668FD3BD1D}
		{188FD5F5-CFF6-48B0-BBDA-8483D86D2A3C} = {932FCB08-2E8B-43F1-81B4-996E5E0F2DEC}
		{35CCDB55-F034-4DF4-98EF-A3F063A38858} = {9AEFF5BA-3751-4E9C-9D2F-0B1283E1B6B5}
		{2DACC88C-77E9-4A95-B270-F6840387D9A8} = {9AEFF5BA-3751-4E9C-9D2F-0B1283E1B6B5}
		{2104614F-7507-42BF-B1A1-4F7B2ADB6138} = {24D07EED-EB73-4E2B-8866-5A344269B2D5}
	EndGlobalSection
EndGlobal
